// !$*UTF8*$!
{
	archiveVersion = 1;
	classes = {
	};
	objectVersion = 56;
	objects = {

/* Begin PBXBuildFile section */
		7AFC30BDED28D4DAE57B1A86 /* Pods_Notex.framework in Frameworks */ = {isa = PBXBuildFile; fileRef = 0C965C45A95ECADF9031CB30 /* Pods_Notex.framework */; };
		BE0EF96A2C459FA6000C853B /* Assets.xcassets in Resources */ = {isa = PBXBuildFile; fileRef = BE0EF9692C459FA6000C853B /* Assets.xcassets */; };
		BE0EF96D2C459FA6000C853B /* Preview Assets.xcassets in Resources */ = {isa = PBXBuildFile; fileRef = BE0EF96C2C459FA6000C853B /* Preview Assets.xcassets */; };
		BE0EF9772C459FA6000C853B /* NotexTests.swift in Sources */ = {isa = PBXBuildFile; fileRef = BE0EF9762C459FA6000C853B /* NotexTests.swift */; };
		BE0EF9812C459FA6000C853B /* NotexUITests.swift in Sources */ = {isa = PBXBuildFile; fileRef = BE0EF9802C459FA6000C853B /* NotexUITests.swift */; };
		BE0EF9832C459FA6000C853B /* NotexUITestsLaunchTests.swift in Sources */ = {isa = PBXBuildFile; fileRef = BE0EF9822C459FA6000C853B /* NotexUITestsLaunchTests.swift */; };
		BE0EF9942C459FC1000C853B /* ContentView.swift in Sources */ = {isa = PBXBuildFile; fileRef = BE0EF98F2C459FC0000C853B /* ContentView.swift */; };
		BE0EF9952C459FC1000C853B /* FilePicker.swift in Sources */ = {isa = PBXBuildFile; fileRef = BE0EF9902C459FC0000C853B /* FilePicker.swift */; };
		BE0EF9962C459FC1000C853B /* FileUploadView.swift in Sources */ = {isa = PBXBuildFile; fileRef = BE0EF9912C459FC0000C853B /* FileUploadView.swift */; };
		BE0EF9972C459FC1000C853B /* LoginView.swift in Sources */ = {isa = PBXBuildFile; fileRef = BE0EF9922C459FC0000C853B /* LoginView.swift */; };
		BE0EF99C2C459FD4000C853B /* AppDelegate.swift in Sources */ = {isa = PBXBuildFile; fileRef = BE0EF9982C459FD4000C853B /* AppDelegate.swift */; };
		BE0EF99D2C459FD4000C853B /* NotexApp.swift in Sources */ = {isa = PBXBuildFile; fileRef = BE0EF9992C459FD4000C853B /* NotexApp.swift */; };
		BE0EF99E2C459FD4000C853B /* SceneDelegate.swift in Sources */ = {isa = PBXBuildFile; fileRef = BE0EF99A2C459FD4000C853B /* SceneDelegate.swift */; };
		BE0EF9B32C45A786000C853B /* AuthViewModel.swift in Sources */ = {isa = PBXBuildFile; fileRef = BE0EF9AD2C45A786000C853B /* AuthViewModel.swift */; };
		BE0EF9B42C45A786000C853B /* DocumentViewModel.swift in Sources */ = {isa = PBXBuildFile; fileRef = BE0EF9AE2C45A786000C853B /* DocumentViewModel.swift */; };
		BE0EF9B52C45A786000C853B /* AuthService.swift in Sources */ = {isa = PBXBuildFile; fileRef = BE0EF9B02C45A786000C853B /* AuthService.swift */; };
		BE0EF9B62C45A786000C853B /* DocumentService.swift in Sources */ = {isa = PBXBuildFile; fileRef = BE0EF9B12C45A786000C853B /* DocumentService.swift */; };
		BE0EF9BC2C45AA74000C853B /* Document.swift in Sources */ = {isa = PBXBuildFile; fileRef = BE0EF9B92C45AA74000C853B /* Document.swift */; };
		BE0EF9BD2C45AA74000C853B /* User.swift in Sources */ = {isa = PBXBuildFile; fileRef = BE0EF9BA2C45AA74000C853B /* User.swift */; };
		BE0EF9C22C45B0F7000C853B /* GoogleService-Info.plist in Resources */ = {isa = PBXBuildFile; fileRef = BE0EF9C12C45B0F7000C853B /* GoogleService-Info.plist */; };
		BE1CB2F82C46E8E40082FCDB /* NetworkManager.swift in Sources */ = {isa = PBXBuildFile; fileRef = BE1CB2F72C46E8E20082FCDB /* NetworkManager.swift */; };
		BE1CB2FA2C46EE7A0082FCDB /* DocumentFolderView.swift in Sources */ = {isa = PBXBuildFile; fileRef = BE1CB2F92C46EE7A0082FCDB /* DocumentFolderView.swift */; };
		BE1CB2FC2C46EE960082FCDB /* PDFViewWrapper.swift in Sources */ = {isa = PBXBuildFile; fileRef = BE1CB2FB2C46EE960082FCDB /* PDFViewWrapper.swift */; };
		BE1CB2FE2C46EEED0082FCDB /* DocumentPicker.swift in Sources */ = {isa = PBXBuildFile; fileRef = BE1CB2FD2C46EEED0082FCDB /* DocumentPicker.swift */; };
		BE1CB3002C46F2570082FCDB /* FolderListView.swift in Sources */ = {isa = PBXBuildFile; fileRef = BE1CB2FF2C46F2570082FCDB /* FolderListView.swift */; };
		BE1CB3022C46F26B0082FCDB /* Folder.swift in Sources */ = {isa = PBXBuildFile; fileRef = BE1CB3012C46F26B0082FCDB /* Folder.swift */; };
		BE1CB3042C46F29C0082FCDB /* DocumentManagerView.swift in Sources */ = {isa = PBXBuildFile; fileRef = BE1CB3032C46F29C0082FCDB /* DocumentManagerView.swift */; };
		BE1CB3062C46F6050082FCDB /* DocumentDetailView.swift in Sources */ = {isa = PBXBuildFile; fileRef = BE1CB3052C46F6050082FCDB /* DocumentDetailView.swift */; };
		BE1CB3082C46F9210082FCDB /* Project.swift in Sources */ = {isa = PBXBuildFile; fileRef = BE1CB3072C46F9200082FCDB /* Project.swift */; };
		BE1CB30A2C46F94D0082FCDB /* ProjectDetailView.swift in Sources */ = {isa = PBXBuildFile; fileRef = BE1CB3092C46F94D0082FCDB /* ProjectDetailView.swift */; };
		BE1CB30E2C46F9820082FCDB /* PDFViewer.swift in Sources */ = {isa = PBXBuildFile; fileRef = BE1CB30D2C46F9820082FCDB /* PDFViewer.swift */; };
		BE1CB3102C46FCDC0082FCDB /* ProjectListView.swift in Sources */ = {isa = PBXBuildFile; fileRef = BE1CB30F2C46FCDC0082FCDB /* ProjectListView.swift */; };
		BE1CB3122C4702F30082FCDB /* NewProjectView.swift in Sources */ = {isa = PBXBuildFile; fileRef = BE1CB3112C4702F30082FCDB /* NewProjectView.swift */; };
/* End PBXBuildFile section */

/* Begin PBXContainerItemProxy section */
		BE0EF9732C459FA6000C853B /* PBXContainerItemProxy */ = {
			isa = PBXContainerItemProxy;
			containerPortal = BE0EF95A2C459FA4000C853B /* Project object */;
			proxyType = 1;
			remoteGlobalIDString = BE0EF9612C459FA4000C853B;
			remoteInfo = Notex;
		};
		BE0EF97D2C459FA6000C853B /* PBXContainerItemProxy */ = {
			isa = PBXContainerItemProxy;
			containerPortal = BE0EF95A2C459FA4000C853B /* Project object */;
			proxyType = 1;
			remoteGlobalIDString = BE0EF9612C459FA4000C853B;
			remoteInfo = Notex;
		};
/* End PBXContainerItemProxy section */

/* Begin PBXFileReference section */
		0C965C45A95ECADF9031CB30 /* Pods_Notex.framework */ = {isa = PBXFileReference; explicitFileType = wrapper.framework; includeInIndex = 0; path = Pods_Notex.framework; sourceTree = BUILT_PRODUCTS_DIR; };
		6D3CCBD79F00281BB155B870 /* Pods-Notex.debug.xcconfig */ = {isa = PBXFileReference; includeInIndex = 1; lastKnownFileType = text.xcconfig; name = "Pods-Notex.debug.xcconfig"; path = "Target Support Files/Pods-Notex/Pods-Notex.debug.xcconfig"; sourceTree = "<group>"; };
		BE0EF9622C459FA4000C853B /* Notex.app */ = {isa = PBXFileReference; explicitFileType = wrapper.application; includeInIndex = 0; path = Notex.app; sourceTree = BUILT_PRODUCTS_DIR; };
		BE0EF9692C459FA6000C853B /* Assets.xcassets */ = {isa = PBXFileReference; lastKnownFileType = folder.assetcatalog; path = Assets.xcassets; sourceTree = "<group>"; };
		BE0EF96C2C459FA6000C853B /* Preview Assets.xcassets */ = {isa = PBXFileReference; lastKnownFileType = folder.assetcatalog; path = "Preview Assets.xcassets"; sourceTree = "<group>"; };
		BE0EF9722C459FA6000C853B /* NotexTests.xctest */ = {isa = PBXFileReference; explicitFileType = wrapper.cfbundle; includeInIndex = 0; path = NotexTests.xctest; sourceTree = BUILT_PRODUCTS_DIR; };
		BE0EF9762C459FA6000C853B /* NotexTests.swift */ = {isa = PBXFileReference; lastKnownFileType = sourcecode.swift; path = NotexTests.swift; sourceTree = "<group>"; };
		BE0EF97C2C459FA6000C853B /* NotexUITests.xctest */ = {isa = PBXFileReference; explicitFileType = wrapper.cfbundle; includeInIndex = 0; path = NotexUITests.xctest; sourceTree = BUILT_PRODUCTS_DIR; };
		BE0EF9802C459FA6000C853B /* NotexUITests.swift */ = {isa = PBXFileReference; lastKnownFileType = sourcecode.swift; path = NotexUITests.swift; sourceTree = "<group>"; };
		BE0EF9822C459FA6000C853B /* NotexUITestsLaunchTests.swift */ = {isa = PBXFileReference; lastKnownFileType = sourcecode.swift; path = NotexUITestsLaunchTests.swift; sourceTree = "<group>"; };
		BE0EF98F2C459FC0000C853B /* ContentView.swift */ = {isa = PBXFileReference; fileEncoding = 4; lastKnownFileType = sourcecode.swift; path = ContentView.swift; sourceTree = "<group>"; };
		BE0EF9902C459FC0000C853B /* FilePicker.swift */ = {isa = PBXFileReference; fileEncoding = 4; lastKnownFileType = sourcecode.swift; path = FilePicker.swift; sourceTree = "<group>"; };
		BE0EF9912C459FC0000C853B /* FileUploadView.swift */ = {isa = PBXFileReference; fileEncoding = 4; lastKnownFileType = sourcecode.swift; path = FileUploadView.swift; sourceTree = "<group>"; };
		BE0EF9922C459FC0000C853B /* LoginView.swift */ = {isa = PBXFileReference; fileEncoding = 4; lastKnownFileType = sourcecode.swift; path = LoginView.swift; sourceTree = "<group>"; };
		BE0EF9982C459FD4000C853B /* AppDelegate.swift */ = {isa = PBXFileReference; fileEncoding = 4; lastKnownFileType = sourcecode.swift; path = AppDelegate.swift; sourceTree = "<group>"; };
		BE0EF9992C459FD4000C853B /* NotexApp.swift */ = {isa = PBXFileReference; fileEncoding = 4; lastKnownFileType = sourcecode.swift; path = NotexApp.swift; sourceTree = "<group>"; };
		BE0EF99A2C459FD4000C853B /* SceneDelegate.swift */ = {isa = PBXFileReference; fileEncoding = 4; lastKnownFileType = sourcecode.swift; path = SceneDelegate.swift; sourceTree = "<group>"; };
		BE0EF9AD2C45A786000C853B /* AuthViewModel.swift */ = {isa = PBXFileReference; fileEncoding = 4; lastKnownFileType = sourcecode.swift; path = AuthViewModel.swift; sourceTree = "<group>"; };
		BE0EF9AE2C45A786000C853B /* DocumentViewModel.swift */ = {isa = PBXFileReference; fileEncoding = 4; lastKnownFileType = sourcecode.swift; path = DocumentViewModel.swift; sourceTree = "<group>"; };
		BE0EF9B02C45A786000C853B /* AuthService.swift */ = {isa = PBXFileReference; fileEncoding = 4; lastKnownFileType = sourcecode.swift; path = AuthService.swift; sourceTree = "<group>"; };
		BE0EF9B12C45A786000C853B /* DocumentService.swift */ = {isa = PBXFileReference; fileEncoding = 4; lastKnownFileType = sourcecode.swift; path = DocumentService.swift; sourceTree = "<group>"; };
		BE0EF9B92C45AA74000C853B /* Document.swift */ = {isa = PBXFileReference; fileEncoding = 4; lastKnownFileType = sourcecode.swift; path = Document.swift; sourceTree = "<group>"; };
		BE0EF9BA2C45AA74000C853B /* User.swift */ = {isa = PBXFileReference; fileEncoding = 4; lastKnownFileType = sourcecode.swift; path = User.swift; sourceTree = "<group>"; };
		BE0EF9C12C45B0F7000C853B /* GoogleService-Info.plist */ = {isa = PBXFileReference; fileEncoding = 4; lastKnownFileType = text.plist.xml; path = "GoogleService-Info.plist"; sourceTree = "<group>"; };
		BE0EF9C32C45B172000C853B /* Info.plist */ = {isa = PBXFileReference; lastKnownFileType = text.plist; path = Info.plist; sourceTree = "<group>"; };
		BE1CB2F72C46E8E20082FCDB /* NetworkManager.swift */ = {isa = PBXFileReference; lastKnownFileType = sourcecode.swift; path = NetworkManager.swift; sourceTree = "<group>"; };
		BE1CB2F92C46EE7A0082FCDB /* DocumentFolderView.swift */ = {isa = PBXFileReference; lastKnownFileType = sourcecode.swift; path = DocumentFolderView.swift; sourceTree = "<group>"; };
		BE1CB2FB2C46EE960082FCDB /* PDFViewWrapper.swift */ = {isa = PBXFileReference; lastKnownFileType = sourcecode.swift; path = PDFViewWrapper.swift; sourceTree = "<group>"; };
		BE1CB2FD2C46EEED0082FCDB /* DocumentPicker.swift */ = {isa = PBXFileReference; lastKnownFileType = sourcecode.swift; path = DocumentPicker.swift; sourceTree = "<group>"; };
		BE1CB2FF2C46F2570082FCDB /* FolderListView.swift */ = {isa = PBXFileReference; lastKnownFileType = sourcecode.swift; path = FolderListView.swift; sourceTree = "<group>"; };
		BE1CB3012C46F26B0082FCDB /* Folder.swift */ = {isa = PBXFileReference; lastKnownFileType = sourcecode.swift; path = Folder.swift; sourceTree = "<group>"; };
		BE1CB3032C46F29C0082FCDB /* DocumentManagerView.swift */ = {isa = PBXFileReference; lastKnownFileType = sourcecode.swift; path = DocumentManagerView.swift; sourceTree = "<group>"; };
		BE1CB3052C46F6050082FCDB /* DocumentDetailView.swift */ = {isa = PBXFileReference; lastKnownFileType = sourcecode.swift; path = DocumentDetailView.swift; sourceTree = "<group>"; };
		BE1CB3072C46F9200082FCDB /* Project.swift */ = {isa = PBXFileReference; lastKnownFileType = sourcecode.swift; path = Project.swift; sourceTree = "<group>"; };
		BE1CB3092C46F94D0082FCDB /* ProjectDetailView.swift */ = {isa = PBXFileReference; lastKnownFileType = sourcecode.swift; path = ProjectDetailView.swift; sourceTree = "<group>"; };
		BE1CB30D2C46F9820082FCDB /* PDFViewer.swift */ = {isa = PBXFileReference; lastKnownFileType = sourcecode.swift; path = PDFViewer.swift; sourceTree = "<group>"; };
		BE1CB30F2C46FCDC0082FCDB /* ProjectListView.swift */ = {isa = PBXFileReference; lastKnownFileType = sourcecode.swift; path = ProjectListView.swift; sourceTree = "<group>"; };
		BE1CB3112C4702F30082FCDB /* NewProjectView.swift */ = {isa = PBXFileReference; lastKnownFileType = sourcecode.swift; path = NewProjectView.swift; sourceTree = "<group>"; };
		DCB657B37D7F530A70C6BC60 /* Pods-Notex.release.xcconfig */ = {isa = PBXFileReference; includeInIndex = 1; lastKnownFileType = text.xcconfig; name = "Pods-Notex.release.xcconfig"; path = "Target Support Files/Pods-Notex/Pods-Notex.release.xcconfig"; sourceTree = "<group>"; };
/* End PBXFileReference section */

/* Begin PBXFrameworksBuildPhase section */
		BE0EF95F2C459FA4000C853B /* Frameworks */ = {
			isa = PBXFrameworksBuildPhase;
			buildActionMask = 2147483647;
			files = (
				7AFC30BDED28D4DAE57B1A86 /* Pods_Notex.framework in Frameworks */,
			);
			runOnlyForDeploymentPostprocessing = 0;
		};
		BE0EF96F2C459FA6000C853B /* Frameworks */ = {
			isa = PBXFrameworksBuildPhase;
			buildActionMask = 2147483647;
			files = (
			);
			runOnlyForDeploymentPostprocessing = 0;
		};
		BE0EF9792C459FA6000C853B /* Frameworks */ = {
			isa = PBXFrameworksBuildPhase;
			buildActionMask = 2147483647;
			files = (
			);
			runOnlyForDeploymentPostprocessing = 0;
		};
/* End PBXFrameworksBuildPhase section */

/* Begin PBXGroup section */
		BE0EF9592C459FA4000C853B = {
			isa = PBXGroup;
			children = (
				BE0EF9642C459FA4000C853B /* Notex */,
				BE0EF9752C459FA6000C853B /* NotexTests */,
				BE0EF97F2C459FA6000C853B /* NotexUITests */,
				BE0EF9632C459FA4000C853B /* Products */,
				C658EAAA8A8CB199728FC139 /* Pods */,
				E4CCE85989B3CA72C4A09192 /* Frameworks */,
			);
			sourceTree = "<group>";
		};
		BE0EF9632C459FA4000C853B /* Products */ = {
			isa = PBXGroup;
			children = (
				BE0EF9622C459FA4000C853B /* Notex.app */,
				BE0EF9722C459FA6000C853B /* NotexTests.xctest */,
				BE0EF97C2C459FA6000C853B /* NotexUITests.xctest */,
			);
			name = Products;
			sourceTree = "<group>";
		};
		BE0EF9642C459FA4000C853B /* Notex */ = {
			isa = PBXGroup;
			children = (
				BE0EF9C32C45B172000C853B /* Info.plist */,
				BE0EF9C12C45B0F7000C853B /* GoogleService-Info.plist */,
				BE0EF9BB2C45AA74000C853B /* Models */,
				BE0EF9B22C45A786000C853B /* Services */,
				BE0EF9AF2C45A786000C853B /* ViewModels */,
				BE0EF99B2C459FD4000C853B /* App */,
				BE0EF9932C459FC0000C853B /* Views */,
				BE0EF9692C459FA6000C853B /* Assets.xcassets */,
				BE0EF96B2C459FA6000C853B /* Preview Content */,
			);
			path = Notex;
			sourceTree = "<group>";
		};
		BE0EF96B2C459FA6000C853B /* Preview Content */ = {
			isa = PBXGroup;
			children = (
				BE0EF96C2C459FA6000C853B /* Preview Assets.xcassets */,
			);
			path = "Preview Content";
			sourceTree = "<group>";
		};
		BE0EF9752C459FA6000C853B /* NotexTests */ = {
			isa = PBXGroup;
			children = (
				BE0EF9762C459FA6000C853B /* NotexTests.swift */,
			);
			path = NotexTests;
			sourceTree = "<group>";
		};
		BE0EF97F2C459FA6000C853B /* NotexUITests */ = {
			isa = PBXGroup;
			children = (
				BE0EF9802C459FA6000C853B /* NotexUITests.swift */,
				BE0EF9822C459FA6000C853B /* NotexUITestsLaunchTests.swift */,
			);
			path = NotexUITests;
			sourceTree = "<group>";
		};
		BE0EF9932C459FC0000C853B /* Views */ = {
			isa = PBXGroup;
			children = (
				BE0EF98F2C459FC0000C853B /* ContentView.swift */,
				BE0EF9902C459FC0000C853B /* FilePicker.swift */,
				BE0EF9912C459FC0000C853B /* FileUploadView.swift */,
				BE0EF9922C459FC0000C853B /* LoginView.swift */,
				BE1CB2F92C46EE7A0082FCDB /* DocumentFolderView.swift */,
				BE1CB2FB2C46EE960082FCDB /* PDFViewWrapper.swift */,
				BE1CB2FD2C46EEED0082FCDB /* DocumentPicker.swift */,
				BE1CB2FF2C46F2570082FCDB /* FolderListView.swift */,
				BE1CB3032C46F29C0082FCDB /* DocumentManagerView.swift */,
				BE1CB3052C46F6050082FCDB /* DocumentDetailView.swift */,
				BE1CB3092C46F94D0082FCDB /* ProjectDetailView.swift */,
				BE1CB30D2C46F9820082FCDB /* PDFViewer.swift */,
				BE1CB30F2C46FCDC0082FCDB /* ProjectListView.swift */,
				BE1CB3112C4702F30082FCDB /* NewProjectView.swift */,
			);
			path = Views;
			sourceTree = "<group>";
		};
		BE0EF99B2C459FD4000C853B /* App */ = {
			isa = PBXGroup;
			children = (
				BE0EF9982C459FD4000C853B /* AppDelegate.swift */,
				BE0EF9992C459FD4000C853B /* NotexApp.swift */,
				BE0EF99A2C459FD4000C853B /* SceneDelegate.swift */,
			);
			path = App;
			sourceTree = "<group>";
		};
		BE0EF9AF2C45A786000C853B /* ViewModels */ = {
			isa = PBXGroup;
			children = (
				BE0EF9AD2C45A786000C853B /* AuthViewModel.swift */,
				BE0EF9AE2C45A786000C853B /* DocumentViewModel.swift */,
			);
			path = ViewModels;
			sourceTree = "<group>";
		};
		BE0EF9B22C45A786000C853B /* Services */ = {
			isa = PBXGroup;
			children = (
				BE0EF9B02C45A786000C853B /* AuthService.swift */,
				BE0EF9B12C45A786000C853B /* DocumentService.swift */,
				BE1CB2F72C46E8E20082FCDB /* NetworkManager.swift */,
			);
			path = Services;
			sourceTree = "<group>";
		};
		BE0EF9BB2C45AA74000C853B /* Models */ = {
			isa = PBXGroup;
			children = (
				BE0EF9B92C45AA74000C853B /* Document.swift */,
				BE0EF9BA2C45AA74000C853B /* User.swift */,
				BE1CB3012C46F26B0082FCDB /* Folder.swift */,
				BE1CB3072C46F9200082FCDB /* Project.swift */,
			);
			path = Models;
			sourceTree = "<group>";
		};
		C658EAAA8A8CB199728FC139 /* Pods */ = {
			isa = PBXGroup;
			children = (
				6D3CCBD79F00281BB155B870 /* Pods-Notex.debug.xcconfig */,
				DCB657B37D7F530A70C6BC60 /* Pods-Notex.release.xcconfig */,
			);
			path = Pods;
			sourceTree = "<group>";
		};
		E4CCE85989B3CA72C4A09192 /* Frameworks */ = {
			isa = PBXGroup;
			children = (
				0C965C45A95ECADF9031CB30 /* Pods_Notex.framework */,
			);
			name = Frameworks;
			sourceTree = "<group>";
		};
/* End PBXGroup section */

/* Begin PBXNativeTarget section */
		BE0EF9612C459FA4000C853B /* Notex */ = {
			isa = PBXNativeTarget;
			buildConfigurationList = BE0EF9862C459FA6000C853B /* Build configuration list for PBXNativeTarget "Notex" */;
			buildPhases = (
				342A04721108F77AE7EB6C3B /* [CP] Check Pods Manifest.lock */,
				BE0EF95E2C459FA4000C853B /* Sources */,
				BE0EF95F2C459FA4000C853B /* Frameworks */,
				BE0EF9602C459FA4000C853B /* Resources */,
				D4DFB6F69EE79F382B084E26 /* [CP] Embed Pods Frameworks */,
			);
			buildRules = (
			);
			dependencies = (
			);
			name = Notex;
			productName = Notex;
			productReference = BE0EF9622C459FA4000C853B /* Notex.app */;
			productType = "com.apple.product-type.application";
		};
		BE0EF9712C459FA6000C853B /* NotexTests */ = {
			isa = PBXNativeTarget;
			buildConfigurationList = BE0EF9892C459FA6000C853B /* Build configuration list for PBXNativeTarget "NotexTests" */;
			buildPhases = (
				BE0EF96E2C459FA6000C853B /* Sources */,
				BE0EF96F2C459FA6000C853B /* Frameworks */,
				BE0EF9702C459FA6000C853B /* Resources */,
			);
			buildRules = (
			);
			dependencies = (
				BE0EF9742C459FA6000C853B /* PBXTargetDependency */,
			);
			name = NotexTests;
			productName = NotexTests;
			productReference = BE0EF9722C459FA6000C853B /* NotexTests.xctest */;
			productType = "com.apple.product-type.bundle.unit-test";
		};
		BE0EF97B2C459FA6000C853B /* NotexUITests */ = {
			isa = PBXNativeTarget;
			buildConfigurationList = BE0EF98C2C459FA6000C853B /* Build configuration list for PBXNativeTarget "NotexUITests" */;
			buildPhases = (
				BE0EF9782C459FA6000C853B /* Sources */,
				BE0EF9792C459FA6000C853B /* Frameworks */,
				BE0EF97A2C459FA6000C853B /* Resources */,
			);
			buildRules = (
			);
			dependencies = (
				BE0EF97E2C459FA6000C853B /* PBXTargetDependency */,
			);
			name = NotexUITests;
			productName = NotexUITests;
			productReference = BE0EF97C2C459FA6000C853B /* NotexUITests.xctest */;
			productType = "com.apple.product-type.bundle.ui-testing";
		};
/* End PBXNativeTarget section */

/* Begin PBXProject section */
		BE0EF95A2C459FA4000C853B /* Project object */ = {
			isa = PBXProject;
			attributes = {
				BuildIndependentTargetsInParallel = 1;
				LastSwiftUpdateCheck = 1540;
				LastUpgradeCheck = 1540;
				TargetAttributes = {
					BE0EF9612C459FA4000C853B = {
						CreatedOnToolsVersion = 15.4;
					};
					BE0EF9712C459FA6000C853B = {
						CreatedOnToolsVersion = 15.4;
						TestTargetID = BE0EF9612C459FA4000C853B;
					};
					BE0EF97B2C459FA6000C853B = {
						CreatedOnToolsVersion = 15.4;
						TestTargetID = BE0EF9612C459FA4000C853B;
					};
				};
			};
			buildConfigurationList = BE0EF95D2C459FA4000C853B /* Build configuration list for PBXProject "Notex" */;
			compatibilityVersion = "Xcode 14.0";
			developmentRegion = en;
			hasScannedForEncodings = 0;
			knownRegions = (
				en,
				Base,
			);
			mainGroup = BE0EF9592C459FA4000C853B;
			packageReferences = (
				BE0EF99F2C45A050000C853B /* XCRemoteSwiftPackageReference "firebase-ios-sdk" */,
			);
			productRefGroup = BE0EF9632C459FA4000C853B /* Products */;
			projectDirPath = "";
			projectRoot = "";
			targets = (
				BE0EF9612C459FA4000C853B /* Notex */,
				BE0EF9712C459FA6000C853B /* NotexTests */,
				BE0EF97B2C459FA6000C853B /* NotexUITests */,
			);
		};
/* End PBXProject section */

/* Begin PBXResourcesBuildPhase section */
		BE0EF9602C459FA4000C853B /* Resources */ = {
			isa = PBXResourcesBuildPhase;
			buildActionMask = 2147483647;
			files = (
				BE0EF96D2C459FA6000C853B /* Preview Assets.xcassets in Resources */,
				BE0EF96A2C459FA6000C853B /* Assets.xcassets in Resources */,
				BE0EF9C22C45B0F7000C853B /* GoogleService-Info.plist in Resources */,
			);
			runOnlyForDeploymentPostprocessing = 0;
		};
		BE0EF9702C459FA6000C853B /* Resources */ = {
			isa = PBXResourcesBuildPhase;
			buildActionMask = 2147483647;
			files = (
			);
			runOnlyForDeploymentPostprocessing = 0;
		};
		BE0EF97A2C459FA6000C853B /* Resources */ = {
			isa = PBXResourcesBuildPhase;
			buildActionMask = 2147483647;
			files = (
			);
			runOnlyForDeploymentPostprocessing = 0;
		};
/* End PBXResourcesBuildPhase section */

/* Begin PBXShellScriptBuildPhase section */
		342A04721108F77AE7EB6C3B /* [CP] Check Pods Manifest.lock */ = {
			isa = PBXShellScriptBuildPhase;
			buildActionMask = 2147483647;
			files = (
			);
			inputFileListPaths = (
			);
			inputPaths = (
				"${PODS_PODFILE_DIR_PATH}/Podfile.lock",
				"${PODS_ROOT}/Manifest.lock",
			);
			name = "[CP] Check Pods Manifest.lock";
			outputFileListPaths = (
			);
			outputPaths = (
				"$(DERIVED_FILE_DIR)/Pods-Notex-checkManifestLockResult.txt",
			);
			runOnlyForDeploymentPostprocessing = 0;
			shellPath = /bin/sh;
			shellScript = "diff \"${PODS_PODFILE_DIR_PATH}/Podfile.lock\" \"${PODS_ROOT}/Manifest.lock\" > /dev/null\nif [ $? != 0 ] ; then\n    # print error to STDERR\n    echo \"error: The sandbox is not in sync with the Podfile.lock. Run 'pod install' or update your CocoaPods installation.\" >&2\n    exit 1\nfi\n# This output is used by Xcode 'outputs' to avoid re-running this script phase.\necho \"SUCCESS\" > \"${SCRIPT_OUTPUT_FILE_0}\"\n";
			showEnvVarsInLog = 0;
		};
		D4DFB6F69EE79F382B084E26 /* [CP] Embed Pods Frameworks */ = {
			isa = PBXShellScriptBuildPhase;
			buildActionMask = 2147483647;
			files = (
			);
			inputFileListPaths = (
				"${PODS_ROOT}/Target Support Files/Pods-Notex/Pods-Notex-frameworks-${CONFIGURATION}-input-files.xcfilelist",
			);
			name = "[CP] Embed Pods Frameworks";
			outputFileListPaths = (
				"${PODS_ROOT}/Target Support Files/Pods-Notex/Pods-Notex-frameworks-${CONFIGURATION}-output-files.xcfilelist",
			);
			runOnlyForDeploymentPostprocessing = 0;
			shellPath = /bin/sh;
			shellScript = "\"${PODS_ROOT}/Target Support Files/Pods-Notex/Pods-Notex-frameworks.sh\"\n";
			showEnvVarsInLog = 0;
		};
/* End PBXShellScriptBuildPhase section */

/* Begin PBXSourcesBuildPhase section */
		BE0EF95E2C459FA4000C853B /* Sources */ = {
			isa = PBXSourcesBuildPhase;
			buildActionMask = 2147483647;
			files = (
				BE0EF9BD2C45AA74000C853B /* User.swift in Sources */,
				BE1CB2FE2C46EEED0082FCDB /* DocumentPicker.swift in Sources */,
				BE0EF99C2C459FD4000C853B /* AppDelegate.swift in Sources */,
				BE1CB2FA2C46EE7A0082FCDB /* DocumentFolderView.swift in Sources */,
				BE0EF9972C459FC1000C853B /* LoginView.swift in Sources */,
				BE0EF9B62C45A786000C853B /* DocumentService.swift in Sources */,
				BE1CB2FC2C46EE960082FCDB /* PDFViewWrapper.swift in Sources */,
				BE1CB30A2C46F94D0082FCDB /* ProjectDetailView.swift in Sources */,
				BE1CB3102C46FCDC0082FCDB /* ProjectListView.swift in Sources */,
				BE1CB3082C46F9210082FCDB /* Project.swift in Sources */,
				BE0EF9B42C45A786000C853B /* DocumentViewModel.swift in Sources */,
				BE0EF9952C459FC1000C853B /* FilePicker.swift in Sources */,
				BE1CB3042C46F29C0082FCDB /* DocumentManagerView.swift in Sources */,
				BE1CB30E2C46F9820082FCDB /* PDFViewer.swift in Sources */,
				BE0EF99D2C459FD4000C853B /* NotexApp.swift in Sources */,
				BE1CB3062C46F6050082FCDB /* DocumentDetailView.swift in Sources */,
				BE0EF9B32C45A786000C853B /* AuthViewModel.swift in Sources */,
				BE0EF9962C459FC1000C853B /* FileUploadView.swift in Sources */,
				BE1CB3002C46F2570082FCDB /* FolderListView.swift in Sources */,
				BE0EF9BC2C45AA74000C853B /* Document.swift in Sources */,
				BE1CB2F82C46E8E40082FCDB /* NetworkManager.swift in Sources */,
				BE1CB3122C4702F30082FCDB /* NewProjectView.swift in Sources */,
				BE0EF9B52C45A786000C853B /* AuthService.swift in Sources */,
				BE0EF9942C459FC1000C853B /* ContentView.swift in Sources */,
				BE0EF99E2C459FD4000C853B /* SceneDelegate.swift in Sources */,
				BE1CB3022C46F26B0082FCDB /* Folder.swift in Sources */,
			);
			runOnlyForDeploymentPostprocessing = 0;
		};
		BE0EF96E2C459FA6000C853B /* Sources */ = {
			isa = PBXSourcesBuildPhase;
			buildActionMask = 2147483647;
			files = (
				BE0EF9772C459FA6000C853B /* NotexTests.swift in Sources */,
			);
			runOnlyForDeploymentPostprocessing = 0;
		};
		BE0EF9782C459FA6000C853B /* Sources */ = {
			isa = PBXSourcesBuildPhase;
			buildActionMask = 2147483647;
			files = (
				BE0EF9812C459FA6000C853B /* NotexUITests.swift in Sources */,
				BE0EF9832C459FA6000C853B /* NotexUITestsLaunchTests.swift in Sources */,
			);
			runOnlyForDeploymentPostprocessing = 0;
		};
/* End PBXSourcesBuildPhase section */

/* Begin PBXTargetDependency section */
		BE0EF9742C459FA6000C853B /* PBXTargetDependency */ = {
			isa = PBXTargetDependency;
			target = BE0EF9612C459FA4000C853B /* Notex */;
			targetProxy = BE0EF9732C459FA6000C853B /* PBXContainerItemProxy */;
		};
		BE0EF97E2C459FA6000C853B /* PBXTargetDependency */ = {
			isa = PBXTargetDependency;
			target = BE0EF9612C459FA4000C853B /* Notex */;
			targetProxy = BE0EF97D2C459FA6000C853B /* PBXContainerItemProxy */;
		};
/* End PBXTargetDependency section */

/* Begin XCBuildConfiguration section */
		BE0EF9842C459FA6000C853B /* Debug */ = {
			isa = XCBuildConfiguration;
			buildSettings = {
				ALWAYS_SEARCH_USER_PATHS = NO;
				ASSETCATALOG_COMPILER_GENERATE_SWIFT_ASSET_SYMBOL_EXTENSIONS = YES;
				CLANG_ANALYZER_NONNULL = YES;
				CLANG_ANALYZER_NUMBER_OBJECT_CONVERSION = YES_AGGRESSIVE;
				CLANG_CXX_LANGUAGE_STANDARD = "gnu++20";
				CLANG_ENABLE_MODULES = YES;
				CLANG_ENABLE_OBJC_ARC = YES;
				CLANG_ENABLE_OBJC_WEAK = YES;
				CLANG_WARN_BLOCK_CAPTURE_AUTORELEASING = YES;
				CLANG_WARN_BOOL_CONVERSION = YES;
				CLANG_WARN_COMMA = YES;
				CLANG_WARN_CONSTANT_CONVERSION = YES;
				CLANG_WARN_DEPRECATED_OBJC_IMPLEMENTATIONS = YES;
				CLANG_WARN_DIRECT_OBJC_ISA_USAGE = YES_ERROR;
				CLANG_WARN_DOCUMENTATION_COMMENTS = YES;
				CLANG_WARN_EMPTY_BODY = YES;
				CLANG_WARN_ENUM_CONVERSION = YES;
				CLANG_WARN_INFINITE_RECURSION = YES;
				CLANG_WARN_INT_CONVERSION = YES;
				CLANG_WARN_NON_LITERAL_NULL_CONVERSION = YES;
				CLANG_WARN_OBJC_IMPLICIT_RETAIN_SELF = YES;
				CLANG_WARN_OBJC_LITERAL_CONVERSION = YES;
				CLANG_WARN_OBJC_ROOT_CLASS = YES_ERROR;
				CLANG_WARN_QUOTED_INCLUDE_IN_FRAMEWORK_HEADER = YES;
				CLANG_WARN_RANGE_LOOP_ANALYSIS = YES;
				CLANG_WARN_STRICT_PROTOTYPES = YES;
				CLANG_WARN_SUSPICIOUS_MOVE = YES;
				CLANG_WARN_UNGUARDED_AVAILABILITY = YES_AGGRESSIVE;
				CLANG_WARN_UNREACHABLE_CODE = YES;
				CLANG_WARN__DUPLICATE_METHOD_MATCH = YES;
				COPY_PHASE_STRIP = NO;
				DEBUG_INFORMATION_FORMAT = dwarf;
				ENABLE_STRICT_OBJC_MSGSEND = YES;
				ENABLE_TESTABILITY = YES;
				ENABLE_USER_SCRIPT_SANDBOXING = NO;
				GCC_C_LANGUAGE_STANDARD = gnu17;
				GCC_DYNAMIC_NO_PIC = NO;
				GCC_NO_COMMON_BLOCKS = YES;
				GCC_OPTIMIZATION_LEVEL = 0;
				GCC_PREPROCESSOR_DEFINITIONS = (
					"DEBUG=1",
					"$(inherited)",
				);
				GCC_WARN_64_TO_32_BIT_CONVERSION = YES;
				GCC_WARN_ABOUT_RETURN_TYPE = YES_ERROR;
				GCC_WARN_UNDECLARED_SELECTOR = YES;
				GCC_WARN_UNINITIALIZED_AUTOS = YES_AGGRESSIVE;
				GCC_WARN_UNUSED_FUNCTION = YES;
				GCC_WARN_UNUSED_VARIABLE = YES;
				IPHONEOS_DEPLOYMENT_TARGET = 17.5;
				LOCALIZATION_PREFERS_STRING_CATALOGS = YES;
				MTL_ENABLE_DEBUG_INFO = INCLUDE_SOURCE;
				MTL_FAST_MATH = YES;
				ONLY_ACTIVE_ARCH = YES;
				SDKROOT = iphoneos;
				SWIFT_ACTIVE_COMPILATION_CONDITIONS = "DEBUG $(inherited)";
				SWIFT_OPTIMIZATION_LEVEL = "-Onone";
			};
			name = Debug;
		};
		BE0EF9852C459FA6000C853B /* Release */ = {
			isa = XCBuildConfiguration;
			buildSettings = {
				ALWAYS_SEARCH_USER_PATHS = NO;
				ASSETCATALOG_COMPILER_GENERATE_SWIFT_ASSET_SYMBOL_EXTENSIONS = YES;
				CLANG_ANALYZER_NONNULL = YES;
				CLANG_ANALYZER_NUMBER_OBJECT_CONVERSION = YES_AGGRESSIVE;
				CLANG_CXX_LANGUAGE_STANDARD = "gnu++20";
				CLANG_ENABLE_MODULES = YES;
				CLANG_ENABLE_OBJC_ARC = YES;
				CLANG_ENABLE_OBJC_WEAK = YES;
				CLANG_WARN_BLOCK_CAPTURE_AUTORELEASING = YES;
				CLANG_WARN_BOOL_CONVERSION = YES;
				CLANG_WARN_COMMA = YES;
				CLANG_WARN_CONSTANT_CONVERSION = YES;
				CLANG_WARN_DEPRECATED_OBJC_IMPLEMENTATIONS = YES;
				CLANG_WARN_DIRECT_OBJC_ISA_USAGE = YES_ERROR;
				CLANG_WARN_DOCUMENTATION_COMMENTS = YES;
				CLANG_WARN_EMPTY_BODY = YES;
				CLANG_WARN_ENUM_CONVERSION = YES;
				CLANG_WARN_INFINITE_RECURSION = YES;
				CLANG_WARN_INT_CONVERSION = YES;
				CLANG_WARN_NON_LITERAL_NULL_CONVERSION = YES;
				CLANG_WARN_OBJC_IMPLICIT_RETAIN_SELF = YES;
				CLANG_WARN_OBJC_LITERAL_CONVERSION = YES;
				CLANG_WARN_OBJC_ROOT_CLASS = YES_ERROR;
				CLANG_WARN_QUOTED_INCLUDE_IN_FRAMEWORK_HEADER = YES;
				CLANG_WARN_RANGE_LOOP_ANALYSIS = YES;
				CLANG_WARN_STRICT_PROTOTYPES = YES;
				CLANG_WARN_SUSPICIOUS_MOVE = YES;
				CLANG_WARN_UNGUARDED_AVAILABILITY = YES_AGGRESSIVE;
				CLANG_WARN_UNREACHABLE_CODE = YES;
				CLANG_WARN__DUPLICATE_METHOD_MATCH = YES;
				COPY_PHASE_STRIP = NO;
				DEBUG_INFORMATION_FORMAT = "dwarf-with-dsym";
				ENABLE_NS_ASSERTIONS = NO;
				ENABLE_STRICT_OBJC_MSGSEND = YES;
				ENABLE_USER_SCRIPT_SANDBOXING = NO;
				GCC_C_LANGUAGE_STANDARD = gnu17;
				GCC_NO_COMMON_BLOCKS = YES;
				GCC_WARN_64_TO_32_BIT_CONVERSION = YES;
				GCC_WARN_ABOUT_RETURN_TYPE = YES_ERROR;
				GCC_WARN_UNDECLARED_SELECTOR = YES;
				GCC_WARN_UNINITIALIZED_AUTOS = YES_AGGRESSIVE;
				GCC_WARN_UNUSED_FUNCTION = YES;
				GCC_WARN_UNUSED_VARIABLE = YES;
				IPHONEOS_DEPLOYMENT_TARGET = 17.5;
				LOCALIZATION_PREFERS_STRING_CATALOGS = YES;
				MTL_ENABLE_DEBUG_INFO = NO;
				MTL_FAST_MATH = YES;
				SDKROOT = iphoneos;
				SWIFT_COMPILATION_MODE = wholemodule;
				VALIDATE_PRODUCT = YES;
			};
			name = Release;
		};
		BE0EF9872C459FA6000C853B /* Debug */ = {
			isa = XCBuildConfiguration;
			baseConfigurationReference = 6D3CCBD79F00281BB155B870 /* Pods-Notex.debug.xcconfig */;
			buildSettings = {
				ASSETCATALOG_COMPILER_APPICON_NAME = AppIcon;
				ASSETCATALOG_COMPILER_GLOBAL_ACCENT_COLOR_NAME = AccentColor;
				CODE_SIGN_STYLE = Automatic;
				CURRENT_PROJECT_VERSION = 1;
				DEVELOPMENT_ASSET_PATHS = "\"Notex/Preview Content\"";
				DEVELOPMENT_TEAM = JT4PTCMDHQ;
				ENABLE_PREVIEWS = YES;
				GENERATE_INFOPLIST_FILE = YES;
				INFOPLIST_FILE = Notex/Info.plist;
				INFOPLIST_KEY_UIApplicationSceneManifest_Generation = YES;
				INFOPLIST_KEY_UIApplicationSupportsIndirectInputEvents = YES;
				INFOPLIST_KEY_UILaunchScreen_Generation = YES;
				INFOPLIST_KEY_UISupportedInterfaceOrientations_iPad = "UIInterfaceOrientationPortrait UIInterfaceOrientationPortraitUpsideDown UIInterfaceOrientationLandscapeLeft UIInterfaceOrientationLandscapeRight";
				INFOPLIST_KEY_UISupportedInterfaceOrientations_iPhone = "UIInterfaceOrientationPortrait UIInterfaceOrientationLandscapeLeft UIInterfaceOrientationLandscapeRight";
				LD_RUNPATH_SEARCH_PATHS = (
					"$(inherited)",
					"@executable_path/Frameworks",
				);
				MARKETING_VERSION = 1.0;
				PRODUCT_BUNDLE_IDENTIFIER = AWT.Notex;
				PRODUCT_NAME = "$(TARGET_NAME)";
				SWIFT_EMIT_LOC_STRINGS = YES;
				SWIFT_VERSION = 5.0;
				TARGETED_DEVICE_FAMILY = "1,2";
			};
			name = Debug;
		};
		BE0EF9882C459FA6000C853B /* Release */ = {
			isa = XCBuildConfiguration;
			baseConfigurationReference = DCB657B37D7F530A70C6BC60 /* Pods-Notex.release.xcconfig */;
			buildSettings = {
				ASSETCATALOG_COMPILER_APPICON_NAME = AppIcon;
				ASSETCATALOG_COMPILER_GLOBAL_ACCENT_COLOR_NAME = AccentColor;
				CODE_SIGN_STYLE = Automatic;
				CURRENT_PROJECT_VERSION = 1;
				DEVELOPMENT_ASSET_PATHS = "\"Notex/Preview Content\"";
				DEVELOPMENT_TEAM = JT4PTCMDHQ;
				ENABLE_PREVIEWS = YES;
				GENERATE_INFOPLIST_FILE = YES;
				INFOPLIST_FILE = Notex/Info.plist;
				INFOPLIST_KEY_UIApplicationSceneManifest_Generation = YES;
				INFOPLIST_KEY_UIApplicationSupportsIndirectInputEvents = YES;
				INFOPLIST_KEY_UILaunchScreen_Generation = YES;
				INFOPLIST_KEY_UISupportedInterfaceOrientations_iPad = "UIInterfaceOrientationPortrait UIInterfaceOrientationPortraitUpsideDown UIInterfaceOrientationLandscapeLeft UIInterfaceOrientationLandscapeRight";
				INFOPLIST_KEY_UISupportedInterfaceOrientations_iPhone = "UIInterfaceOrientationPortrait UIInterfaceOrientationLandscapeLeft UIInterfaceOrientationLandscapeRight";
				LD_RUNPATH_SEARCH_PATHS = (
					"$(inherited)",
					"@executable_path/Frameworks",
				);
				MARKETING_VERSION = 1.0;
				PRODUCT_BUNDLE_IDENTIFIER = AWT.Notex;
				PRODUCT_NAME = "$(TARGET_NAME)";
				SWIFT_EMIT_LOC_STRINGS = YES;
				SWIFT_VERSION = 5.0;
				TARGETED_DEVICE_FAMILY = "1,2";
			};
			name = Release;
		};
		BE0EF98A2C459FA6000C853B /* Debug */ = {
			isa = XCBuildConfiguration;
			buildSettings = {
				ALWAYS_EMBED_SWIFT_STANDARD_LIBRARIES = YES;
				BUNDLE_LOADER = "$(TEST_HOST)";
				CODE_SIGN_STYLE = Automatic;
				CURRENT_PROJECT_VERSION = 1;
				DEVELOPMENT_TEAM = JT4PTCMDHQ;
				GENERATE_INFOPLIST_FILE = YES;
				IPHONEOS_DEPLOYMENT_TARGET = 17.5;
				MARKETING_VERSION = 1.0;
				PRODUCT_BUNDLE_IDENTIFIER = AWT.NotexTests;
				PRODUCT_NAME = "$(TARGET_NAME)";
				SWIFT_EMIT_LOC_STRINGS = NO;
				SWIFT_VERSION = 5.0;
				TARGETED_DEVICE_FAMILY = "1,2";
				TEST_HOST = "$(BUILT_PRODUCTS_DIR)/Notex.app/$(BUNDLE_EXECUTABLE_FOLDER_PATH)/Notex";
			};
			name = Debug;
		};
		BE0EF98B2C459FA6000C853B /* Release */ = {
			isa = XCBuildConfiguration;
			buildSettings = {
				ALWAYS_EMBED_SWIFT_STANDARD_LIBRARIES = YES;
				BUNDLE_LOADER = "$(TEST_HOST)";
				CODE_SIGN_STYLE = Automatic;
				CURRENT_PROJECT_VERSION = 1;
				DEVELOPMENT_TEAM = JT4PTCMDHQ;
				GENERATE_INFOPLIST_FILE = YES;
				IPHONEOS_DEPLOYMENT_TARGET = 17.5;
				MARKETING_VERSION = 1.0;
				PRODUCT_BUNDLE_IDENTIFIER = AWT.NotexTests;
				PRODUCT_NAME = "$(TARGET_NAME)";
				SWIFT_EMIT_LOC_STRINGS = NO;
				SWIFT_VERSION = 5.0;
				TARGETED_DEVICE_FAMILY = "1,2";
				TEST_HOST = "$(BUILT_PRODUCTS_DIR)/Notex.app/$(BUNDLE_EXECUTABLE_FOLDER_PATH)/Notex";
			};
			name = Release;
		};
		BE0EF98D2C459FA6000C853B /* Debug */ = {
			isa = XCBuildConfiguration;
			buildSettings = {
				ALWAYS_EMBED_SWIFT_STANDARD_LIBRARIES = YES;
				CODE_SIGN_STYLE = Automatic;
				CURRENT_PROJECT_VERSION = 1;
				DEVELOPMENT_TEAM = JT4PTCMDHQ;
				GENERATE_INFOPLIST_FILE = YES;
				MARKETING_VERSION = 1.0;
				PRODUCT_BUNDLE_IDENTIFIER = AWT.NotexUITests;
				PRODUCT_NAME = "$(TARGET_NAME)";
				SWIFT_EMIT_LOC_STRINGS = NO;
				SWIFT_VERSION = 5.0;
				TARGETED_DEVICE_FAMILY = "1,2";
				TEST_TARGET_NAME = Notex;
			};
			name = Debug;
		};
		BE0EF98E2C459FA6000C853B /* Release */ = {
			isa = XCBuildConfiguration;
			buildSettings = {
				ALWAYS_EMBED_SWIFT_STANDARD_LIBRARIES = YES;
				CODE_SIGN_STYLE = Automatic;
				CURRENT_PROJECT_VERSION = 1;
				DEVELOPMENT_TEAM = JT4PTCMDHQ;
				GENERATE_INFOPLIST_FILE = YES;
				MARKETING_VERSION = 1.0;
				PRODUCT_BUNDLE_IDENTIFIER = AWT.NotexUITests;
				PRODUCT_NAME = "$(TARGET_NAME)";
				SWIFT_EMIT_LOC_STRINGS = NO;
				SWIFT_VERSION = 5.0;
				TARGETED_DEVICE_FAMILY = "1,2";
				TEST_TARGET_NAME = Notex;
			};
			name = Release;
		};
/* End XCBuildConfiguration section */

/* Begin XCConfigurationList section */
		BE0EF95D2C459FA4000C853B /* Build configuration list for PBXProject "Notex" */ = {
			isa = XCConfigurationList;
			buildConfigurations = (
				BE0EF9842C459FA6000C853B /* Debug */,
				BE0EF9852C459FA6000C853B /* Release */,
			);
			defaultConfigurationIsVisible = 0;
			defaultConfigurationName = Release;
		};
		BE0EF9862C459FA6000C853B /* Build configuration list for PBXNativeTarget "Notex" */ = {
			isa = XCConfigurationList;
			buildConfigurations = (
				BE0EF9872C459FA6000C853B /* Debug */,
				BE0EF9882C459FA6000C853B /* Release */,
			);
			defaultConfigurationIsVisible = 0;
			defaultConfigurationName = Release;
		};
		BE0EF9892C459FA6000C853B /* Build configuration list for PBXNativeTarget "NotexTests" */ = {
			isa = XCConfigurationList;
			buildConfigurations = (
				BE0EF98A2C459FA6000C853B /* Debug */,
				BE0EF98B2C459FA6000C853B /* Release */,
			);
			defaultConfigurationIsVisible = 0;
			defaultConfigurationName = Release;
		};
		BE0EF98C2C459FA6000C853B /* Build configuration list for PBXNativeTarget "NotexUITests" */ = {
			isa = XCConfigurationList;
			buildConfigurations = (
				BE0EF98D2C459FA6000C853B /* Debug */,
				BE0EF98E2C459FA6000C853B /* Release */,
			);
			defaultConfigurationIsVisible = 0;
			defaultConfigurationName = Release;
		};
/* End XCConfigurationList section */

/* Begin XCRemoteSwiftPackageReference section */
		BE0EF99F2C45A050000C853B /* XCRemoteSwiftPackageReference "firebase-ios-sdk" */ = {
			isa = XCRemoteSwiftPackageReference;
			repositoryURL = "https://github.com/firebase/firebase-ios-sdk";
			requirement = {
				kind = upToNextMajorVersion;
				minimumVersion = 10.29.0;
			};
		};
/* End XCRemoteSwiftPackageReference section */
	};
	rootObject = BE0EF95A2C459FA4000C853B /* Project object */;
}
